// !$*UTF8*$!
{
	archiveVersion = 1;
	classes = {
	};
	objectVersion = 55;
	objects = {

/* Begin PBXBuildFile section */
		3272FE46281A4A2600F1D2E7 /* AppDelegate.swift in Sources */ = {isa = PBXBuildFile; fileRef = 3272FE45281A4A2600F1D2E7 /* AppDelegate.swift */; };
		3272FE48281A4A2600F1D2E7 /* SceneDelegate.swift in Sources */ = {isa = PBXBuildFile; fileRef = 3272FE47281A4A2600F1D2E7 /* SceneDelegate.swift */; };
		3272FE4A281A4A2600F1D2E7 /* ViewController.swift in Sources */ = {isa = PBXBuildFile; fileRef = 3272FE49281A4A2600F1D2E7 /* ViewController.swift */; };
		3272FE4D281A4A2600F1D2E7 /* Main.storyboard in Resources */ = {isa = PBXBuildFile; fileRef = 3272FE4B281A4A2600F1D2E7 /* Main.storyboard */; };
		3272FE4F281A4A2900F1D2E7 /* Assets.xcassets in Resources */ = {isa = PBXBuildFile; fileRef = 3272FE4E281A4A2900F1D2E7 /* Assets.xcassets */; };
		3272FE52281A4A2900F1D2E7 /* LaunchScreen.storyboard in Resources */ = {isa = PBXBuildFile; fileRef = 3272FE50281A4A2900F1D2E7 /* LaunchScreen.storyboard */; };
		3272FE5B281A56D800F1D2E7 /* AVFoundation.framework in Frameworks */ = {isa = PBXBuildFile; fileRef = 3272FE5A281A56D800F1D2E7 /* AVFoundation.framework */; };
		3272FE5D281A572A00F1D2E7 /* rangersgoalhorn.mp3 in Resources */ = {isa = PBXBuildFile; fileRef = 3272FE5C281A572A00F1D2E7 /* rangersgoalhorn.mp3 */; };
/* End PBXBuildFile section */

/* Begin PBXFileReference section */
		3272FE42281A4A2600F1D2E7 /* rangers_goal_horn.app */ = {isa = PBXFileReference; explicitFileType = wrapper.application; includeInIndex = 0; path = rangers_goal_horn.app; sourceTree = BUILT_PRODUCTS_DIR; };
		3272FE45281A4A2600F1D2E7 /* AppDelegate.swift */ = {isa = PBXFileReference; lastKnownFileType = sourcecode.swift; path = AppDelegate.swift; sourceTree = "<group>"; };
		3272FE47281A4A2600F1D2E7 /* SceneDelegate.swift */ = {isa = PBXFileReference; lastKnownFileType = sourcecode.swift; path = SceneDelegate.swift; sourceTree = "<group>"; };
		3272FE49281A4A2600F1D2E7 /* ViewController.swift */ = {isa = PBXFileReference; lastKnownFileType = sourcecode.swift; path = ViewController.swift; sourceTree = "<group>"; };
		3272FE4C281A4A2600F1D2E7 /* Base */ = {isa = PBXFileReference; lastKnownFileType = file.storyboard; name = Base; path = Base.lproj/Main.storyboard; sourceTree = "<group>"; };
		3272FE4E281A4A2900F1D2E7 /* Assets.xcassets */ = {isa = PBXFileReference; lastKnownFileType = folder.assetcatalog; path = Assets.xcassets; sourceTree = "<group>"; };
		3272FE51281A4A2900F1D2E7 /* Base */ = {isa = PBXFileReference; lastKnownFileType = file.storyboard; name = Base; path = Base.lproj/LaunchScreen.storyboard; sourceTree = "<group>"; };
		3272FE53281A4A2900F1D2E7 /* Info.plist */ = {isa = PBXFileReference; lastKnownFileType = text.plist.xml; path = Info.plist; sourceTree = "<group>"; };
		3272FE5A281A56D800F1D2E7 /* AVFoundation.framework */ = {isa = PBXFileReference; lastKnownFileType = wrapper.framework; name = AVFoundation.framework; path = System/Library/Frameworks/AVFoundation.framework; sourceTree = SDKROOT; };
		3272FE5C281A572A00F1D2E7 /* rangersgoalhorn.mp3 */ = {isa = PBXFileReference; lastKnownFileType = audio.mp3; path = rangersgoalhorn.mp3; sourceTree = "<group>"; };
/* End PBXFileReference section */

/* Begin PBXFrameworksBuildPhase section */
		3272FE3F281A4A2600F1D2E7 /* Frameworks */ = {
			isa = PBXFrameworksBuildPhase;
			buildActionMask = 2147483647;
			files = (
				3272FE5B281A56D800F1D2E7 /* AVFoundation.framework in Frameworks */,
			);
			runOnlyForDeploymentPostprocessing = 0;
		};
/* End PBXFrameworksBuildPhase section */

/* Begin PBXGroup section */
		3272FE39281A4A2600F1D2E7 = {
			isa = PBXGroup;
			children = (
				3272FE44281A4A2600F1D2E7 /* rangers_goal_horn */,
				3272FE43281A4A2600F1D2E7 /* Products */,
				3272FE59281A56D700F1D2E7 /* Frameworks */,
			);
			sourceTree = "<group>";
		};
		3272FE43281A4A2600F1D2E7 /* Products */ = {
			isa = PBXGroup;
			children = (
				3272FE42281A4A2600F1D2E7 /* rangers_goal_horn.app */,
			);
			name = Products;
			sourceTree = "<group>";
		};
		3272FE44281A4A2600F1D2E7 /* rangers_goal_horn */ = {
			isa = PBXGroup;
			children = (
				3272FE45281A4A2600F1D2E7 /* AppDelegate.swift */,
				3272FE47281A4A2600F1D2E7 /* SceneDelegate.swift */,
				3272FE49281A4A2600F1D2E7 /* ViewController.swift */,
				3272FE4B281A4A2600F1D2E7 /* Main.storyboard */,
				3272FE4E281A4A2900F1D2E7 /* Assets.xcassets */,
				3272FE50281A4A2900F1D2E7 /* LaunchScreen.storyboard */,
				3272FE53281A4A2900F1D2E7 /* Info.plist */,
			);
			path = rangers_goal_horn;
			sourceTree = "<group>";
		};
		3272FE59281A56D700F1D2E7 /* Frameworks */ = {
			isa = PBXGroup;
			children = (
				3272FE5C281A572A00F1D2E7 /* rangersgoalhorn.mp3 */,
				3272FE5A281A56D800F1D2E7 /* AVFoundation.framework */,
			);
			name = Frameworks;
			sourceTree = "<group>";
		};
/* End PBXGroup section */

/* Begin PBXNativeTarget section */
		3272FE41281A4A2600F1D2E7 /* rangers_goal_horn */ = {
			isa = PBXNativeTarget;
			buildConfigurationList = 3272FE56281A4A2900F1D2E7 /* Build configuration list for PBXNativeTarget "rangers_goal_horn" */;
			buildPhases = (
				3272FE3E281A4A2600F1D2E7 /* Sources */,
				3272FE3F281A4A2600F1D2E7 /* Frameworks */,
				3272FE40281A4A2600F1D2E7 /* Resources */,
			);
			buildRules = (
			);
			dependencies = (
			);
			name = rangers_goal_horn;
			productName = rangers_goal_horn;
			productReference = 3272FE42281A4A2600F1D2E7 /* rangers_goal_horn.app */;
			productType = "com.apple.product-type.application";
		};
/* End PBXNativeTarget section */

/* Begin PBXProject section */
		3272FE3A281A4A2600F1D2E7 /* Project object */ = {
			isa = PBXProject;
			attributes = {
				BuildIndependentTargetsInParallel = 1;
				KnownAssetTags = (
					New,
				);
				LastSwiftUpdateCheck = 1310;
				LastUpgradeCheck = 1310;
				TargetAttributes = {
					3272FE41281A4A2600F1D2E7 = {
						CreatedOnToolsVersion = 13.1;
					};
				};
			};
			buildConfigurationList = 3272FE3D281A4A2600F1D2E7 /* Build configuration list for PBXProject "rangers_goal_horn" */;
			compatibilityVersion = "Xcode 13.0";
			developmentRegion = en;
			hasScannedForEncodings = 0;
			knownRegions = (
				en,
				Base,
			);
			mainGroup = 3272FE39281A4A2600F1D2E7;
			productRefGroup = 3272FE43281A4A2600F1D2E7 /* Products */;
			projectDirPath = "";
			projectRoot = "";
			targets = (
				3272FE41281A4A2600F1D2E7 /* rangers_goal_horn */,
			);
		};
/* End PBXProject section */

/* Begin PBXResourcesBuildPhase section */
		3272FE40281A4A2600F1D2E7 /* Resources */ = {
			isa = PBXResourcesBuildPhase;
			buildActionMask = 2147483647;
			files = (
				3272FE52281A4A2900F1D2E7 /* LaunchScreen.storyboard in Resources */,
				3272FE5D281A572A00F1D2E7 /* rangersgoalhorn.mp3 in Resources */,
				3272FE4F281A4A2900F1D2E7 /* Assets.xcassets in Resources */,
				3272FE4D281A4A2600F1D2E7 /* Main.storyboard in Resources */,
			);
			runOnlyForDeploymentPostprocessing = 0;
		};
/* End PBXResourcesBuildPhase section */

/* Begin PBXSourcesBuildPhase section */
		3272FE3E281A4A2600F1D2E7 /* Sources */ = {
			isa = PBXSourcesBuildPhase;
			buildActionMask = 2147483647;
			files = (
				3272FE4A281A4A2600F1D2E7 /* ViewController.swift in Sources */,
				3272FE46281A4A2600F1D2E7 /* AppDelegate.swift in Sources */,
				3272FE48281A4A2600F1D2E7 /* SceneDelegate.swift in Sources */,
			);
			runOnlyForDeploymentPostprocessing = 0;
		};
/* End PBXSourcesBuildPhase section */

/* Begin PBXVariantGroup section */
		3272FE4B281A4A2600F1D2E7 /* Main.storyboard */ = {
			isa = PBXVariantGroup;
			children = (
				3272FE4C281A4A2600F1D2E7 /* Base */,
			);
			name = Main.storyboard;
			sourceTree = "<group>";
		};
		3272FE50281A4A2900F1D2E7 /* LaunchScreen.storyboard */ = {
			isa = PBXVariantGroup;
			children = (
				3272FE51281A4A2900F1D2E7 /* Base */,
			);
			name = LaunchScreen.storyboard;
			sourceTree = "<group>";
		};
/* End PBXVariantGroup section */

/* Begin XCBuildConfiguration section */
		3272FE54281A4A2900F1D2E7 /* Debug */ = {
			isa = XCBuildConfiguration;
			buildSettings = {
				ALWAYS_SEARCH_USER_PATHS = NO;
				CLANG_ANALYZER_NONNULL = YES;
				CLANG_ANALYZER_NUMBER_OBJECT_CONVERSION = YES_AGGRESSIVE;
				CLANG_CXX_LANGUAGE_STANDARD = "gnu++17";
				CLANG_CXX_LIBRARY = "libc++";
				CLANG_ENABLE_MODULES = YES;
				CLANG_ENABLE_OBJC_ARC = YES;
				CLANG_ENABLE_OBJC_WEAK = YES;
				CLANG_WARN_BLOCK_CAPTURE_AUTORELEASING = YES;
				CLANG_WARN_BOOL_CONVERSION = YES;
				CLANG_WARN_COMMA = YES;
				CLANG_WARN_CONSTANT_CONVERSION = YES;
				CLANG_WARN_DEPRECATED_OBJC_IMPLEMENTATIONS = YES;
				CLANG_WARN_DIRECT_OBJC_ISA_USAGE = YES_ERROR;
				CLANG_WARN_DOCUMENTATION_COMMENTS = YES;
				CLANG_WARN_EMPTY_BODY = YES;
				CLANG_WARN_ENUM_CONVERSION = YES;
				CLANG_WARN_INFINITE_RECURSION = YES;
				CLANG_WARN_INT_CONVERSION = YES;
				CLANG_WARN_NON_LITERAL_NULL_CONVERSION = YES;
				CLANG_WARN_OBJC_IMPLICIT_RETAIN_SELF = YES;
				CLANG_WARN_OBJC_LITERAL_CONVERSION = YES;
				CLANG_WARN_OBJC_ROOT_CLASS = YES_ERROR;
				CLANG_WARN_QUOTED_INCLUDE_IN_FRAMEWORK_HEADER = YES;
				CLANG_WARN_RANGE_LOOP_ANALYSIS = YES;
				CLANG_WARN_STRICT_PROTOTYPES = YES;
				CLANG_WARN_SUSPICIOUS_MOVE = YES;
				CLANG_WARN_UNGUARDED_AVAILABILITY = YES_AGGRESSIVE;
				CLANG_WARN_UNREACHABLE_CODE = YES;
				CLANG_WARN__DUPLICATE_METHOD_MATCH = YES;
				COPY_PHASE_STRIP = NO;
				DEBUG_INFORMATION_FORMAT = dwarf;
				ENABLE_STRICT_OBJC_MSGSEND = YES;
				ENABLE_TESTABILITY = YES;
				GCC_C_LANGUAGE_STANDARD = gnu11;
				GCC_DYNAMIC_NO_PIC = NO;
				GCC_NO_COMMON_BLOCKS = YES;
				GCC_OPTIMIZATION_LEVEL = 0;
				GCC_PREPROCESSOR_DEFINITIONS = (
					"DEBUG=1",
					"$(inherited)",
				);
				GCC_WARN_64_TO_32_BIT_CONVERSION = YES;
				GCC_WARN_ABOUT_RETURN_TYPE = YES_ERROR;
				GCC_WARN_UNDECLARED_SELECTOR = YES;
				GCC_WARN_UNINITIALIZED_AUTOS = YES_AGGRESSIVE;
				GCC_WARN_UNUSED_FUNCTION = YES;
				GCC_WARN_UNUSED_VARIABLE = YES;
				IPHONEOS_DEPLOYMENT_TARGET = 15.0;
				MTL_ENABLE_DEBUG_INFO = INCLUDE_SOURCE;
				MTL_FAST_MATH = YES;
				ONLY_ACTIVE_ARCH = YES;
				SDKROOT = iphoneos;
				SWIFT_ACTIVE_COMPILATION_CONDITIONS = DEBUG;
				SWIFT_OPTIMIZATION_LEVEL = "-Onone";
			};
			name = Debug;
		};
		3272FE55281A4A2900F1D2E7 /* Release */ = {
			isa = XCBuildConfiguration;
			buildSettings = {
				ALWAYS_SEARCH_USER_PATHS = NO;
				CLANG_ANALYZER_NONNULL = YES;
				CLANG_ANALYZER_NUMBER_OBJECT_CONVERSION = YES_AGGRESSIVE;
				CLANG_CXX_LANGUAGE_STANDARD = "gnu++17";
				CLANG_CXX_LIBRARY = "libc++";
				CLANG_ENABLE_MODULES = YES;
				CLANG_ENABLE_OBJC_ARC = YES;
				CLANG_ENABLE_OBJC_WEAK = YES;
				CLANG_WARN_BLOCK_CAPTURE_AUTORELEASING = YES;
				CLANG_WARN_BOOL_CONVERSION = YES;
				CLANG_WARN_COMMA = YES;
				CLANG_WARN_CONSTANT_CONVERSION = YES;
				CLANG_WARN_DEPRECATED_OBJC_IMPLEMENTATIONS = YES;
				CLANG_WARN_DIRECT_OBJC_ISA_USAGE = YES_ERROR;
				CLANG_WARN_DOCUMENTATION_COMMENTS = YES;
				CLANG_WARN_EMPTY_BODY = YES;
				CLANG_WARN_ENUM_CONVERSION = YES;
				CLANG_WARN_INFINITE_RECURSION = YES;
				CLANG_WARN_INT_CONVERSION = YES;
				CLANG_WARN_NON_LITERAL_NULL_CONVERSION = YES;
				CLANG_WARN_OBJC_IMPLICIT_RETAIN_SELF = YES;
				CLANG_WARN_OBJC_LITERAL_CONVERSION = YES;
				CLANG_WARN_OBJC_ROOT_CLASS = YES_ERROR;
				CLANG_WARN_QUOTED_INCLUDE_IN_FRAMEWORK_HEADER = YES;
				CLANG_WARN_RANGE_LOOP_ANALYSIS = YES;
				CLANG_WARN_STRICT_PROTOTYPES = YES;
				CLANG_WARN_SUSPICIOUS_MOVE = YES;
				CLANG_WARN_UNGUARDED_AVAILABILITY = YES_AGGRESSIVE;
				CLANG_WARN_UNREACHABLE_CODE = YES;
				CLANG_WARN__DUPLICATE_METHOD_MATCH = YES;
				COPY_PHASE_STRIP = NO;
				DEBUG_INFORMATION_FORMAT = "dwarf-with-dsym";
				ENABLE_NS_ASSERTIONS = NO;
				ENABLE_STRICT_OBJC_MSGSEND = YES;
				GCC_C_LANGUAGE_STANDARD = gnu11;
				GCC_NO_COMMON_BLOCKS = YES;
				GCC_WARN_64_TO_32_BIT_CONVERSION = YES;
				GCC_WARN_ABOUT_RETURN_TYPE = YES_ERROR;
				GCC_WARN_UNDECLARED_SELECTOR = YES;
				GCC_WARN_UNINITIALIZED_AUTOS = YES_AGGRESSIVE;
				GCC_WARN_UNUSED_FUNCTION = YES;
				GCC_WARN_UNUSED_VARIABLE = YES;
				IPHONEOS_DEPLOYMENT_TARGET = 15.0;
				MTL_ENABLE_DEBUG_INFO = NO;
				MTL_FAST_MATH = YES;
				SDKROOT = iphoneos;
				SWIFT_COMPILATION_MODE = wholemodule;
				SWIFT_OPTIMIZATION_LEVEL = "-O";
				VALIDATE_PRODUCT = YES;
			};
			name = Release;
		};
		3272FE57281A4A2900F1D2E7 /* Debug */ = {
			isa = XCBuildConfiguration;
			buildSettings = {
				ASSETCATALOG_COMPILER_APPICON_NAME = AppIcon;
				ASSETCATALOG_COMPILER_GLOBAL_ACCENT_COLOR_NAME = AccentColor;
				CODE_SIGN_STYLE = Automatic;
				CURRENT_PROJECT_VERSION = 1;
				DEVELOPMENT_TEAM = 8Z8WZYS56C;
				GENERATE_INFOPLIST_FILE = YES;
				INFOPLIST_FILE = rangers_goal_horn/Info.plist;
				INFOPLIST_KEY_UIApplicationSupportsIndirectInputEvents = YES;
				INFOPLIST_KEY_UILaunchStoryboardName = LaunchScreen;
				INFOPLIST_KEY_UIMainStoryboardFile = Main;
				INFOPLIST_KEY_UISupportedInterfaceOrientations_iPad = "UIInterfaceOrientationPortrait UIInterfaceOrientationPortraitUpsideDown UIInterfaceOrientationLandscapeLeft UIInterfaceOrientationLandscapeRight";
				INFOPLIST_KEY_UISupportedInterfaceOrientations_iPhone = "UIInterfaceOrientationPortrait UIInterfaceOrientationLandscapeLeft UIInterfaceOrientationLandscapeRight";
				LD_RUNPATH_SEARCH_PATHS = (
					"$(inherited)",
					"@executable_path/Frameworks",
				);
				MARKETING_VERSION = 1.0;
				PRODUCT_BUNDLE_IDENTIFIER = "edu.umich.camberk.rangers-goal-horn";
				PRODUCT_NAME = "$(TARGET_NAME)";
				SWIFT_EMIT_LOC_STRINGS = YES;
				SWIFT_VERSION = 5.0;
				TARGETED_DEVICE_FAMILY = "1,2";
			};
			name = Debug;
		};
		3272FE58281A4A2900F1D2E7 /* Release */ = {
			isa = XCBuildConfiguration;
			buildSettings = {
				ASSETCATALOG_COMPILER_APPICON_NAME = AppIcon;
				ASSETCATALOG_COMPILER_GLOBAL_ACCENT_COLOR_NAME = AccentColor;
				CODE_SIGN_STYLE = Automatic;
				CURRENT_PROJECT_VERSION = 1;
				DEVELOPMENT_TEAM = 8Z8WZYS56C;
				GENERATE_INFOPLIST_FILE = YES;
				INFOPLIST_FILE = rangers_goal_horn/Info.plist;
				INFOPLIST_KEY_UIApplicationSupportsIndirectInputEvents = YES;
				INFOPLIST_KEY_UILaunchStoryboardName = LaunchScreen;
				INFOPLIST_KEY_UIMainStoryboardFile = Main;
				INFOPLIST_KEY_UISupportedInterfaceOrientations_iPad = "UIInterfaceOrientationPortrait UIInterfaceOrientationPortraitUpsideDown UIInterfaceOrientationLandscapeLeft UIInterfaceOrientationLandscapeRight";
				INFOPLIST_KEY_UISupportedInterfaceOrientations_iPhone = "UIInterfaceOrientationPortrait UIInterfaceOrientationLandscapeLeft UIInterfaceOrientationLandscapeRight";
				LD_RUNPATH_SEARCH_PATHS = (
					"$(inherited)",
					"@executable_path/Frameworks",
				);
				MARKETING_VERSION = 1.0;
				PRODUCT_BUNDLE_IDENTIFIER = "edu.umich.camberk.rangers-goal-horn";
				PRODUCT_NAME = "$(TARGET_NAME)";
				SWIFT_EMIT_LOC_STRINGS = YES;
				SWIFT_VERSION = 5.0;
				TARGETED_DEVICE_FAMILY = "1,2";
			};
			name = Release;
		};
/* End XCBuildConfiguration section */

/* Begin XCConfigurationList section */
		3272FE3D281A4A2600F1D2E7 /* Build configuration list for PBXProject "rangers_goal_horn" */ = {
			isa = XCConfigurationList;
			buildConfigurations = (
				3272FE54281A4A2900F1D2E7 /* Debug */,
				3272FE55281A4A2900F1D2E7 /* Release */,
			);
			defaultConfigurationIsVisible = 0;
			defaultConfigurationName = Release;
		};
		3272FE56281A4A2900F1D2E7 /* Build configuration list for PBXNativeTarget "rangers_goal_horn" */ = {
			isa = XCConfigurationList;
			buildConfigurations = (
				3272FE57281A4A2900F1D2E7 /* Debug */,
				3272FE58281A4A2900F1D2E7 /* Release */,
			);
			defaultConfigurationIsVisible = 0;
			defaultConfigurationName = Release;
		};
/* End XCConfigurationList section */
	};
	rootObject = 3272FE3A281A4A2600F1D2E7 /* Project object */;
}
